
Microsoft Visual Studio Solution File, Format Version 12.00
# Visual Studio Version 17
VisualStudioVersion = 17.3.32901.215
MinimumVisualStudioVersion = 10.0.40219.1
Project("{FAE04EC0-301F-11D3-BF4B-00C04F79EFBC}") = "masked ornek", "masked ornek\masked ornek.csproj", "{8123DC09-EFFE-4330-89AB-C667DB810693}"
EndProject
Global
	GlobalSection(SolutionConfigurationPlatforms) = preSolution
		Debug|Any CPU = Debug|Any CPU
		Release|Any CPU = Release|Any CPU
	EndGlobalSection
	GlobalSection(ProjectConfigurationPlatforms) = postSolution
		{8123DC09-EFFE-4330-89AB-C667DB810693}.Debug|Any CPU.ActiveCfg = Debug|Any CPU
		{8123DC09-EFFE-4330-89AB-C667DB810693}.Debug|Any CPU.Build.0 = Debug|Any CPU
		{8123DC09-EFFE-4330-89AB-C667DB810693}.Release|Any CPU.ActiveCfg = Release|Any CPU
		{8123DC09-EFFE-4330-89AB-C667DB810693}.Release|Any CPU.Build.0 = Release|Any CPU
	EndGlobalSection
	GlobalSection(SolutionProperties) = preSolution
		HideSolutionNode = FALSE
	EndGlobalSection
	GlobalSection(ExtensibilityGlobals) = postSolution
		SolutionGuid = {F794DA52-8E6C-4DD0-9C83-74C2598F20F3}
	EndGlobalSection
EndGlobal
